<?xml version="1.0" encoding="utf-8"?>
<Project ToolsVersion="4.0" xmlns="http://schemas.microsoft.com/developer/msbuild/2003">
  <ItemGroup>
    <Filter Include="來源檔案">
      <UniqueIdentifier>{4FC737F1-C7A5-4376-A066-2A32D752A2FF}</UniqueIdentifier>
      <Extensions>cpp;c;cc;cxx;c++;cppm;ixx;def;odl;idl;hpj;bat;asm;asmx</Extensions>
    </Filter>
    <Filter Include="標頭檔">
      <UniqueIdentifier>{93995380-89BD-4b04-88EB-625FBE52EBFB}</UniqueIdentifier>
      <Extensions>h;hh;hpp;hxx;h++;hm;inl;inc;ipp;xsd</Extensions>
    </Filter>
    <Filter Include="資源檔">
      <UniqueIdentifier>{67DA6AB6-F800-4c08-8B7A-83BB121AAD01}</UniqueIdentifier>
      <Extensions>rc;ico;cur;bmp;dlg;rc2;rct;bin;rgs;gif;jpg;jpeg;jpe;resx;tiff;tif;png;wav;mfcribbon-ms</Extensions>
    </Filter>
    <Filter Include="來源檔案\src">
      <UniqueIdentifier>{809793f6-3ce3-41ff-b555-3cf6f7abe862}</UniqueIdentifier>
    </Filter>
    <Filter Include="資源檔\shaders">
      <UniqueIdentifier>{e4dd3dc2-a256-469e-9a36-eebcc2bc5015}</UniqueIdentifier>
    </Filter>
    <Filter Include="Imgui">
      <UniqueIdentifier>{147b4130-f991-4002-9392-fcfc57635a23}</UniqueIdentifier>
    </Filter>
    <Filter Include="來源檔案\compile">
      <UniqueIdentifier>{568182bc-6c51-4d7c-a47d-4e97f54f8ea7}</UniqueIdentifier>
    </Filter>
    <Filter Include="資源檔\shaders\HeightMap">
      <UniqueIdentifier>{246cfc12-5d60-44f9-b6fd-00791ced18c6}</UniqueIdentifier>
    </Filter>
    <Filter Include="資源檔\shaders\Terrain">
      <UniqueIdentifier>{482753c8-fa33-4c3c-8a57-cf3d8db77b10}</UniqueIdentifier>
    </Filter>
    <Filter Include="資源檔\shaders\Water">
      <UniqueIdentifier>{e7cfd5de-7e6e-44c1-8f60-e3e529ec17e5}</UniqueIdentifier>
    </Filter>
    <Filter Include="資源檔\shaders\Sun">
      <UniqueIdentifier>{ef6ee7c4-0ee8-4270-b03f-e50447382d1f}</UniqueIdentifier>
    </Filter>
    <Filter Include="資源檔\shaders\Screen">
      <UniqueIdentifier>{2182e32f-2932-4c99-89cc-9604968449a0}</UniqueIdentifier>
    </Filter>
    <Filter Include="資源檔\shaders\SkyBox">
      <UniqueIdentifier>{5f3d76fe-0a4e-4e12-b940-b237b5e12a59}</UniqueIdentifier>
    </Filter>
  </ItemGroup>
  <ItemGroup>
    <ClCompile Include="src\Skybox.cpp">
      <Filter>來源檔案\src</Filter>
    </ClCompile>
    <ClCompile Include="src\Texture.cpp">
      <Filter>來源檔案\src</Filter>
    </ClCompile>
    <ClCompile Include="src\Camera.cpp">
      <Filter>來源檔案\src</Filter>
    </ClCompile>
    <ClCompile Include="src\ComputeShader.cpp">
      <Filter>來源檔案\src</Filter>
    </ClCompile>
    <ClCompile Include="src\Mesh.cpp">
      <Filter>來源檔案\src</Filter>
    </ClCompile>
    <ClCompile Include="src\Shader.cpp">
      <Filter>來源檔案\src</Filter>
    </ClCompile>
    <ClCompile Include="compile\glad.c">
      <Filter>來源檔案\compile</Filter>
    </ClCompile>
    <ClCompile Include="compile\stb.cpp">
      <Filter>來源檔案\compile</Filter>
    </ClCompile>
    <ClCompile Include="main.cpp">
      <Filter>來源檔案</Filter>
    </ClCompile>
    <ClCompile Include="src\FrameBufferObject.cpp">
      <Filter>來源檔案\src</Filter>
    </ClCompile>
    <ClCompile Include="src\ScreenShader.cpp">
      <Filter>來源檔案\src</Filter>
    </ClCompile>
    <ClCompile Include="src\Window.cpp">
      <Filter>來源檔案\src</Filter>
    </ClCompile>
    <ClCompile Include="src\App.cpp">
      <Filter>來源檔案\src</Filter>
    </ClCompile>
    <ClCompile Include="src\Plane.cpp">
      <Filter>來源檔案\src</Filter>
    </ClCompile>
    <ClCompile Include="src\Terrain.cpp">
      <Filter>來源檔案\src</Filter>
    </ClCompile>
    <ClCompile Include="src\Water.cpp">
      <Filter>來源檔案\src</Filter>
    </ClCompile>
    <ClCompile Include="src\Model.cpp">
      <Filter>來源檔案\src</Filter>
    </ClCompile>
    <ClCompile Include="src\Sun.cpp">
      <Filter>來源檔案\src</Filter>
    </ClCompile>
    <ClCompile Include="Libraries\include\IMGUI\imgui_impl_opengl3.cpp">
      <Filter>Imgui</Filter>
    </ClCompile>
    <ClCompile Include="Libraries\include\IMGUI\imgui.cpp">
      <Filter>Imgui</Filter>
    </ClCompile>
    <ClCompile Include="Libraries\include\IMGUI\imgui_demo.cpp">
      <Filter>Imgui</Filter>
    </ClCompile>
    <ClCompile Include="Libraries\include\IMGUI\imgui_draw.cpp">
      <Filter>Imgui</Filter>
    </ClCompile>
    <ClCompile Include="Libraries\include\IMGUI\imgui_impl_glfw.cpp">
      <Filter>Imgui</Filter>
    </ClCompile>
    <ClCompile Include="Libraries\include\IMGUI\imgui_tables.cpp">
      <Filter>Imgui</Filter>
    </ClCompile>
    <ClCompile Include="Libraries\include\IMGUI\imgui_widgets.cpp">
      <Filter>Imgui</Filter>
    </ClCompile>
  </ItemGroup>
  <ItemGroup>
    <ClInclude Include="src\Texture.h">
      <Filter>標頭檔</Filter>
    </ClInclude>
    <ClInclude Include="src\Camera.h">
      <Filter>標頭檔</Filter>
    </ClInclude>
    <ClInclude Include="src\ComputeShader.h">
      <Filter>標頭檔</Filter>
    </ClInclude>
    <ClInclude Include="src\Mesh.h">
      <Filter>標頭檔</Filter>
    </ClInclude>
    <ClInclude Include="src\Shader.h">
      <Filter>標頭檔</Filter>
    </ClInclude>
    <ClInclude Include="src\Skybox.h">
      <Filter>標頭檔</Filter>
    </ClInclude>
    <ClInclude Include="src\ScreenShader.h">
      <Filter>標頭檔</Filter>
    </ClInclude>
    <ClInclude Include="src\Window.h">
      <Filter>標頭檔</Filter>
    </ClInclude>
    <ClInclude Include="src\Plane.h">
      <Filter>標頭檔</Filter>
    </ClInclude>
    <ClInclude Include="src\App.h">
      <Filter>標頭檔</Filter>
    </ClInclude>
    <ClInclude Include="src\Terrain.h">
      <Filter>標頭檔</Filter>
    </ClInclude>
    <ClInclude Include="src\FrameBufferObject.h">
      <Filter>標頭檔</Filter>
    </ClInclude>
    <ClInclude Include="src\Water.h">
      <Filter>標頭檔</Filter>
    </ClInclude>
    <ClInclude Include="src\Model.h">
      <Filter>標頭檔</Filter>
    </ClInclude>
    <ClInclude Include="src\Sun.hpp">
      <Filter>標頭檔</Filter>
    </ClInclude>
    <ClInclude Include="Libraries\include\IMGUI\imconfig.h">
      <Filter>Imgui</Filter>
    </ClInclude>
    <ClInclude Include="Libraries\include\IMGUI\imgui.h">
      <Filter>Imgui</Filter>
    </ClInclude>
    <ClInclude Include="Libraries\include\IMGUI\imgui_impl_glfw.h">
      <Filter>Imgui</Filter>
    </ClInclude>
    <ClInclude Include="Libraries\include\IMGUI\imgui_impl_opengl3.h">
      <Filter>Imgui</Filter>
    </ClInclude>
    <ClInclude Include="Libraries\include\IMGUI\imgui_impl_opengl3_loader.h">
      <Filter>Imgui</Filter>
    </ClInclude>
    <ClInclude Include="Libraries\include\IMGUI\imgui_internal.h">
      <Filter>Imgui</Filter>
    </ClInclude>
    <ClInclude Include="Libraries\include\IMGUI\imstb_rectpack.h">
      <Filter>Imgui</Filter>
    </ClInclude>
    <ClInclude Include="Libraries\include\IMGUI\imstb_textedit.h">
      <Filter>Imgui</Filter>
    </ClInclude>
    <ClInclude Include="Libraries\include\IMGUI\imstb_truetype.h">
      <Filter>Imgui</Filter>
    </ClInclude>
  </ItemGroup>
  <ItemGroup>
    <None Include="shaders\Screen\screen.frag">
      <Filter>資源檔\shaders\Screen</Filter>
    </None>
    <None Include="shaders\Screen\screen.vert">
      <Filter>資源檔\shaders\Screen</Filter>
    </None>
    <None Include="shaders\SkyBox\Skybox.frag">
      <Filter>資源檔\shaders\SkyBox</Filter>
    </None>
    <None Include="shaders\SkyBox\Skybox.vert">
      <Filter>資源檔\shaders\SkyBox</Filter>
    </None>
    <None Include="shaders\Sun\sun.frag">
      <Filter>資源檔\shaders\Sun</Filter>
    </None>
    <None Include="shaders\Sun\sun.geom">
      <Filter>資源檔\shaders\Sun</Filter>
    </None>
    <None Include="shaders\Sun\sun.vert">
      <Filter>資源檔\shaders\Sun</Filter>
    </None>
    <None Include="shaders\Terrain\Tess.tese">
      <Filter>資源檔\shaders\Terrain</Filter>
    </None>
    <None Include="shaders\Terrain\Tess.vert">
      <Filter>資源檔\shaders\Terrain</Filter>
    </None>
    <None Include="shaders\Terrain\Tess.frag">
      <Filter>資源檔\shaders\Terrain</Filter>
    </None>
    <None Include="shaders\Terrain\Tess.tesc">
      <Filter>資源檔\shaders\Terrain</Filter>
    </None>
    <None Include="shaders\Water\water.vert">
      <Filter>資源檔\shaders\Water</Filter>
    </None>
    <None Include="shaders\Water\water.frag">
      <Filter>資源檔\shaders\Water</Filter>
    </None>
    <None Include="shaders\HeightMap\HeightMap.comp">
      <Filter>資源檔\shaders\HeightMap</Filter>
    </None>
  </ItemGroup>
</Project>